{
  "name": "js",
  "version": "1.0.0",
  "lockfileVersion": 1,
  "requires": true,
  "dependencies": {
    "ansispan": {
      "version": "0.0.4",
      "resolved": "https://registry.npmjs.org/ansispan/-/ansispan-0.0.4.tgz",
      "integrity": "sha1-0k2fj6UtzEwXvjP5pI8uIK2CIt4="
    },
    "colors": {
      "version": "1.4.0",
      "resolved": "https://registry.npmjs.org/colors/-/colors-1.4.0.tgz",
      "integrity": "sha512-a+UqTh4kgZg/SlGvfbzDHpgRu7AAQOmmqRHJnxhRZICKFUT91brVhNNt58CMWU9PsBbv3PDCZUHbVxuDiH2mtA=="
    }
  }
}
